
Microsoft Visual Studio Solution File, Format Version 11.00
# Visual Studio 2010
Project("{FAE04EC0-301F-11D3-BF4B-00C04F79EFBC}") = "MT_03_MANABO", "MT_03_MANABO\MT_03_MANABO.csproj", "{B47914D3-DFE4-4F56-9FE8-7B817260F686}"
EndProject
Global
	GlobalSection(SolutionConfigurationPlatforms) = preSolution
		Debug|x86 = Debug|x86
		Release|x86 = Release|x86
	EndGlobalSection
	GlobalSection(ProjectConfigurationPlatforms) = postSolution
		{B47914D3-DFE4-4F56-9FE8-7B817260F686}.Debug|x86.ActiveCfg = Debug|x86
		{B47914D3-DFE4-4F56-9FE8-7B817260F686}.Debug|x86.Build.0 = Debug|x86
		{B47914D3-DFE4-4F56-9FE8-7B817260F686}.Release|x86.ActiveCfg = Release|x86
		{B47914D3-DFE4-4F56-9FE8-7B817260F686}.Release|x86.Build.0 = Release|x86
	EndGlobalSection
	GlobalSection(SolutionProperties) = preSolution
		HideSolutionNode = FALSE
	EndGlobalSection
EndGlobal
