
Microsoft Visual Studio Solution File, Format Version 11.00
# Visual Studio 2010
Project("{FAE04EC0-301F-11D3-BF4B-00C04F79EFBC}") = "MIT_05_MANABO", "MIT_05_MANABO\MIT_05_MANABO.csproj", "{B4F03D04-0F5C-4CD2-8B92-E61F899ACE01}"
EndProject
Global
	GlobalSection(SolutionConfigurationPlatforms) = preSolution
		Debug|x86 = Debug|x86
		Release|x86 = Release|x86
	EndGlobalSection
	GlobalSection(ProjectConfigurationPlatforms) = postSolution
		{B4F03D04-0F5C-4CD2-8B92-E61F899ACE01}.Debug|x86.ActiveCfg = Debug|x86
		{B4F03D04-0F5C-4CD2-8B92-E61F899ACE01}.Debug|x86.Build.0 = Debug|x86
		{B4F03D04-0F5C-4CD2-8B92-E61F899ACE01}.Release|x86.ActiveCfg = Release|x86
		{B4F03D04-0F5C-4CD2-8B92-E61F899ACE01}.Release|x86.Build.0 = Release|x86
	EndGlobalSection
	GlobalSection(SolutionProperties) = preSolution
		HideSolutionNode = FALSE
	EndGlobalSection
EndGlobal
